Microsoft Visual Studio Solution File, Format Version 11.00
# Visual Studio 2008

Project("{14DC9B15-5602-EA02-53B4-EAFDF91A9D3F}") = "Arrays_Template", "Assembly-CSharp.csproj", "{4414D861-8715-5FD2-B226-18543A45C881}"
EndProject
Global
	GlobalSection(SolutionConfigurationPlatforms) = preSolution
		Debug|Any CPU = Debug|Any CPU
		Release|Any CPU = Release|Any CPU
	EndGlobalSection
	GlobalSection(ProjectConfigurationPlatforms) = postSolution
		{4414D861-8715-5FD2-B226-18543A45C881}.Debug|Any CPU.ActiveCfg = Debug|Any CPU
		{4414D861-8715-5FD2-B226-18543A45C881}.Debug|Any CPU.Build.0 = Debug|Any CPU
		{4414D861-8715-5FD2-B226-18543A45C881}.Release|Any CPU.ActiveCfg = Release|Any CPU
		{4414D861-8715-5FD2-B226-18543A45C881}.Release|Any CPU.Build.0 = Release|Any CPU
	EndGlobalSection
	GlobalSection(SolutionProperties) = preSolution
		HideSolutionNode = FALSE
	EndGlobalSection
	GlobalSection(MonoDevelopProperties) = preSolution
		StartupItem = Assembly-CSharp.csproj
	EndGlobalSection
EndGlobal
